{
  "pins" : [
    {
      "identity" : "wallpaperkit",
      "kind" : "remoteSourceControl",
      "location" : "https://github.com/haren724/WallpaperKit",
      "state" : {
        "branch" : "main",
        "revision" : "5926920146294a0b4a5134cbfb007cdfad4c3c86"
      }
    }
  ],
  "version" : 2
}
