{
  "pins" : [
    {
      "identity" : "wallpaperkit",
      "kind" : "remoteSourceControl",
      "location" : "https://github.com/haren724/WallpaperKit",
      "state" : {
        "branch" : "main",
        "revision" : "3138ad94bd76951baf387f1bc70232d0c966a118"
      }
    }
  ],
  "version" : 2
}
