{
  "originHash" : "69f4f56aa8b11dc918ecba3bb37aa57372a9c7af042b8e2c8e010a991e7af288",
  "pins" : [
    {
      "identity" : "wallpaperkit",
      "kind" : "remoteSourceControl",
      "location" : "https://github.com/haren724/WallpaperKit",
      "state" : {
        "branch" : "main",
        "revision" : "ce997ba7c4f6f61925b2d0125bc7645d8de3dc03"
      }
    }
  ],
  "version" : 3
}
